
Microsoft Visual Studio Solution File, Format Version 12.00
# Visual Studio Version 16
VisualStudioVersion = 16.0.31321.278
MinimumVisualStudioVersion = 10.0.40219.1
Project("{FAE04EC0-301F-11D3-BF4B-00C04F79EFBC}") = "API", "API\API.csproj", "{BA875BCF-3ACC-49C8-B923-732A16EF2386}"
EndProject
Project("{FAE04EC0-301F-11D3-BF4B-00C04F79EFBC}") = "Test.Unit", "Test.Unit\Test.Unit.csproj", "{110A169D-6E92-4E91-8AB4-516095282706}"
EndProject
Global
	GlobalSection(SolutionConfigurationPlatforms) = preSolution
		Debug|Any CPU = Debug|Any CPU
		Release|Any CPU = Release|Any CPU
	EndGlobalSection
	GlobalSection(ProjectConfigurationPlatforms) = postSolution
		{BA875BCF-3ACC-49C8-B923-732A16EF2386}.Debug|Any CPU.ActiveCfg = Debug|Any CPU
		{BA875BCF-3ACC-49C8-B923-732A16EF2386}.Debug|Any CPU.Build.0 = Debug|Any CPU
		{BA875BCF-3ACC-49C8-B923-732A16EF2386}.Release|Any CPU.ActiveCfg = Release|Any CPU
		{BA875BCF-3ACC-49C8-B923-732A16EF2386}.Release|Any CPU.Build.0 = Release|Any CPU
		{110A169D-6E92-4E91-8AB4-516095282706}.Debug|Any CPU.ActiveCfg = Debug|Any CPU
		{110A169D-6E92-4E91-8AB4-516095282706}.Debug|Any CPU.Build.0 = Debug|Any CPU
		{110A169D-6E92-4E91-8AB4-516095282706}.Release|Any CPU.ActiveCfg = Release|Any CPU
		{110A169D-6E92-4E91-8AB4-516095282706}.Release|Any CPU.Build.0 = Release|Any CPU
	EndGlobalSection
	GlobalSection(SolutionProperties) = preSolution
		HideSolutionNode = FALSE
	EndGlobalSection
	GlobalSection(ExtensibilityGlobals) = postSolution
		SolutionGuid = {34CC0F3F-ACE1-458D-BF96-DA0CE23D4602}
	EndGlobalSection
EndGlobal
